
Microsoft Visual Studio Solution File, Format Version 12.00
# Visual Studio Version 16
VisualStudioVersion = 16.0.31205.134
MinimumVisualStudioVersion = 10.0.40219.1
Project("{9A19103F-16F7-4668-BE54-9A1E7A4F7556}") = "webApiTrader", "webApiTrader\webApiTrader.csproj", "{900A8994-DC9D-4FA5-B7A4-6FC0653B7C88}"
EndProject
Project("{FAE04EC0-301F-11D3-BF4B-00C04F79EFBC}") = "AzureDevOps.Integration.REST", "AzureDevOps.Integration\AzureDevOps.Integration.REST.csproj", "{2223676B-B134-4817-B819-E6EC763864CC}"
EndProject
Project("{FAE04EC0-301F-11D3-BF4B-00C04F79EFBC}") = "AzureDevOps.Integration.Models", "AzureDevOps.Integration.Models\AzureDevOps.Integration.Models.csproj", "{8FB593EC-6EA4-443F-9F5E-95CC54C66634}"
EndProject
Project("{FAE04EC0-301F-11D3-BF4B-00C04F79EFBC}") = "ClientApiTest", "ClientApiTest\ClientApiTest.csproj", "{7C3D67A6-EA45-4FA8-806C-286DF158E7FE}"
EndProject
Global
	GlobalSection(SolutionConfigurationPlatforms) = preSolution
		Debug|Any CPU = Debug|Any CPU
		Release|Any CPU = Release|Any CPU
	EndGlobalSection
	GlobalSection(ProjectConfigurationPlatforms) = postSolution
		{900A8994-DC9D-4FA5-B7A4-6FC0653B7C88}.Debug|Any CPU.ActiveCfg = Debug|Any CPU
		{900A8994-DC9D-4FA5-B7A4-6FC0653B7C88}.Debug|Any CPU.Build.0 = Debug|Any CPU
		{900A8994-DC9D-4FA5-B7A4-6FC0653B7C88}.Release|Any CPU.ActiveCfg = Release|Any CPU
		{900A8994-DC9D-4FA5-B7A4-6FC0653B7C88}.Release|Any CPU.Build.0 = Release|Any CPU
		{2223676B-B134-4817-B819-E6EC763864CC}.Debug|Any CPU.ActiveCfg = Debug|Any CPU
		{2223676B-B134-4817-B819-E6EC763864CC}.Debug|Any CPU.Build.0 = Debug|Any CPU
		{2223676B-B134-4817-B819-E6EC763864CC}.Release|Any CPU.ActiveCfg = Release|Any CPU
		{2223676B-B134-4817-B819-E6EC763864CC}.Release|Any CPU.Build.0 = Release|Any CPU
		{8FB593EC-6EA4-443F-9F5E-95CC54C66634}.Debug|Any CPU.ActiveCfg = Debug|Any CPU
		{8FB593EC-6EA4-443F-9F5E-95CC54C66634}.Debug|Any CPU.Build.0 = Debug|Any CPU
		{8FB593EC-6EA4-443F-9F5E-95CC54C66634}.Release|Any CPU.ActiveCfg = Release|Any CPU
		{8FB593EC-6EA4-443F-9F5E-95CC54C66634}.Release|Any CPU.Build.0 = Release|Any CPU
		{7C3D67A6-EA45-4FA8-806C-286DF158E7FE}.Debug|Any CPU.ActiveCfg = Debug|Any CPU
		{7C3D67A6-EA45-4FA8-806C-286DF158E7FE}.Debug|Any CPU.Build.0 = Debug|Any CPU
		{7C3D67A6-EA45-4FA8-806C-286DF158E7FE}.Release|Any CPU.ActiveCfg = Release|Any CPU
		{7C3D67A6-EA45-4FA8-806C-286DF158E7FE}.Release|Any CPU.Build.0 = Release|Any CPU
	EndGlobalSection
	GlobalSection(SolutionProperties) = preSolution
		HideSolutionNode = FALSE
	EndGlobalSection
	GlobalSection(ExtensibilityGlobals) = postSolution
		SolutionGuid = {6D6E0E80-44CF-47D2-80F6-68131E7B16D4}
	EndGlobalSection
EndGlobal
